
Microsoft Visual Studio Solution File, Format Version 12.00
# Visual Studio Version 16
VisualStudioVersion = 16.0.29503.13
MinimumVisualStudioVersion = 10.0.40219.1
Project("{FAE04EC0-301F-11D3-BF4B-00C04F79EFBC}") = "BlazorScraper", "BlazorScraper\BlazorScraper.csproj", "{F98D66F5-EAF1-40A0-A797-1A8504E5BF44}"
EndProject
Global
	GlobalSection(SolutionConfigurationPlatforms) = preSolution
		Debug|Any CPU = Debug|Any CPU
		Release|Any CPU = Release|Any CPU
	EndGlobalSection
	GlobalSection(ProjectConfigurationPlatforms) = postSolution
		{F98D66F5-EAF1-40A0-A797-1A8504E5BF44}.Debug|Any CPU.ActiveCfg = Debug|Any CPU
		{F98D66F5-EAF1-40A0-A797-1A8504E5BF44}.Debug|Any CPU.Build.0 = Debug|Any CPU
		{F98D66F5-EAF1-40A0-A797-1A8504E5BF44}.Release|Any CPU.ActiveCfg = Release|Any CPU
		{F98D66F5-EAF1-40A0-A797-1A8504E5BF44}.Release|Any CPU.Build.0 = Release|Any CPU
	EndGlobalSection
	GlobalSection(SolutionProperties) = preSolution
		HideSolutionNode = FALSE
	EndGlobalSection
	GlobalSection(ExtensibilityGlobals) = postSolution
		SolutionGuid = {25D6E036-5895-4AFD-9D96-E1C9A03958D6}
	EndGlobalSection
EndGlobal
